GEM
  remote: https://rubygems.org/
  specs:
    bigdecimal (4.0.1)
    concurrent-ruby (1.3.6)
    dotenv (3.2.0)
    dry-core (1.2.0)
      concurrent-ruby (~> 1.0)
      logger
      zeitwerk (~> 2.6)
    dry-inflector (1.3.1)
    dry-logic (1.6.0)
      bigdecimal
      concurrent-ruby (~> 1.0)
      dry-core (~> 1.1)
      zeitwerk (~> 2.6)
    dry-struct (1.8.0)
      dry-core (~> 1.1)
      dry-types (~> 1.8, >= 1.8.2)
      ice_nine (~> 0.11)
      zeitwerk (~> 2.6)
    dry-types (1.9.1)
      bigdecimal (>= 3.0)
      concurrent-ruby (~> 1.0)
      dry-core (~> 1.0)
      dry-inflector (~> 1.0)
      dry-logic (~> 1.4)
      zeitwerk (~> 2.6)
    et-orbi (1.4.0)
      tzinfo
    fugit (1.12.1)
      et-orbi (~> 1.4)
      raabro (~> 1.4)
    ice_nine (0.11.2)
    logger (1.7.0)
    raabro (1.4.0)
    rufus-scheduler (3.9.2)
      fugit (~> 1.1, >= 1.11.1)
    tzinfo (2.0.6)
      concurrent-ruby (~> 1.0)
    zeitwerk (2.7.5)

PLATFORMS
  arm64-darwin-23
  ruby

DEPENDENCIES
  dotenv
  dry-struct
  dry-types
  rufus-scheduler

BUNDLED WITH
   2.6.9
